{
  "name": "education",
  "lockfileVersion": 3,
  "requires": true,
  "packages": {
    "": {
      "dependencies": {
        "kanji": "^0.19.3",
        "kanji-data": "^1.1.0"
      }
    },
    "node_modules/kanji": {
      "version": "0.19.3",
      "resolved": "https://registry.npmjs.org/kanji/-/kanji-0.19.3.tgz",
      "integrity": "sha512-WpO3DP8tAobRLciyjx7C+JozYnP/vvqKc5u0MYk7PLubr84TYJsrp5o/PwT9TKoG2yGG532tXjauFdDgzisUXw==",
      "license": "MPL-2.0",
      "bin": {
        "kanji-tree": "lib/bin/kanji-tree.js"
      }
    },
    "node_modules/kanji-data": {
      "version": "1.1.0",
      "resolved": "https://registry.npmjs.org/kanji-data/-/kanji-data-1.1.0.tgz",
      "integrity": "sha512-TIZ1b0WBix/5kH9FC+/wXGQrYJiaYsR5ePymIjSwZXoapsZCn31DWUOeyCjgbcfICoF6YSQ+vmlwFDmumj0bOw==",
      "license": "MIT",
      "funding": {
        "type": "github",
        "url": "https://github.com/sponsors/sepTN"
      }
    }
  }
}
